PODS:
  - ObjectNotification (0.1.1)

DEPENDENCIES:
  - ObjectNotification (from `../`)

EXTERNAL SOURCES:
  ObjectNotification:
    :path: "../"

SPEC CHECKSUMS:
  ObjectNotification: 53ee341e599d61cd0c64df48eaf25890c571a797

PODFILE CHECKSUM: 837cb35a5175d748093d31f058e3486dc592dcd3

COCOAPODS: 1.15.2
